{
  "name": "algoframe",
  "version": "1.0.4",
  "lockfileVersion": 2,
  "requires": true,
  "packages": {
    "": {
      "name": "algoframe",
      "version": "1.0.4",
      "license": "MIT",
      "dependencies": {
        "algoframe": "^1.0.2"
      }
    },
    "node_modules/algoframe": {
      "version": "1.0.2",
      "resolved": "https://registry.npmjs.org/algoframe/-/algoframe-1.0.2.tgz",
      "integrity": "sha512-EQpdvxCXo0HJA5Cgz3wCQjv6NxM7rJwsgDlIL/uaCgViaLuy1tKzyn+rwc0guE4vvwd3eYDKsDuevLXo1FD1pA=="
    }
  },
  "dependencies": {
    "algoframe": {
      "version": "1.0.2",
      "resolved": "https://registry.npmjs.org/algoframe/-/algoframe-1.0.2.tgz",
      "integrity": "sha512-EQpdvxCXo0HJA5Cgz3wCQjv6NxM7rJwsgDlIL/uaCgViaLuy1tKzyn+rwc0guE4vvwd3eYDKsDuevLXo1FD1pA=="
    }
  }
}
